schema: '2.0'
stages:
  preprocess:
    cmd: python scripts/preprocess.py
    deps:
    - path: data/loans.csv
      hash: md5
      md5: 8ad077110fe15ec12316e922f8bb47ae
      size: 141
    - path: scripts/preprocess.py
      hash: md5
      md5: 9f83d53331aec10aa1905aa69cb3aa0b
      size: 1835
    outs:
    - path: data/loans_clean.csv
      hash: md5
      md5: 8ad077110fe15ec12316e922f8bb47ae
      size: 141
  train:
    cmd: python scripts/train.py
    deps:
    - path: data/loans_clean.csv
      hash: md5
      md5: 8ad077110fe15ec12316e922f8bb47ae
      size: 141
    - path: scripts/train.py
      hash: md5
      md5: d5f86bb204c6bb1242fcad31358b56db
      size: 3873
    outs:
    - path: models/model.pkl
      hash: md5
      md5: 204e2c4e8fe491c70a0f033fbc0cb903
      size: 196
  evaluate:
    cmd: python scripts/evaluate.py
    deps:
    - path: data/loans_clean.csv
      hash: md5
      md5: 8ad077110fe15ec12316e922f8bb47ae
      size: 141
    - path: models/model.pkl
      hash: md5
      md5: 204e2c4e8fe491c70a0f033fbc0cb903
      size: 196
    - path: scripts/evaluate.py
      hash: md5
      md5: 95e9a2a2df4703b1c42909e7b4c0f1e4
      size: 2785
    outs:
    - path: metrics.json
      hash: md5
      md5: 29fd701f7f0617a6733813eaf774e2e1
      size: 129
